
Microsoft Visual Studio Solution File, Format Version 12.00
# Visual Studio Version 16
VisualStudioVersion = 16.0.30225.117
MinimumVisualStudioVersion = 10.0.40219.1
Project("{FAE04EC0-301F-11D3-BF4B-00C04F79EFBC}") = "HttpPaymentGatewayBDD", "HttpPaymentGatewayBDD\HttpPaymentGatewayBDD.csproj", "{20DCA456-2316-4A31-BF67-28BE14A96DBA}"
EndProject
Global
	GlobalSection(SolutionConfigurationPlatforms) = preSolution
		Debug|Any CPU = Debug|Any CPU
		Release|Any CPU = Release|Any CPU
	EndGlobalSection
	GlobalSection(ProjectConfigurationPlatforms) = postSolution
		{20DCA456-2316-4A31-BF67-28BE14A96DBA}.Debug|Any CPU.ActiveCfg = Debug|Any CPU
		{20DCA456-2316-4A31-BF67-28BE14A96DBA}.Debug|Any CPU.Build.0 = Debug|Any CPU
		{20DCA456-2316-4A31-BF67-28BE14A96DBA}.Release|Any CPU.ActiveCfg = Release|Any CPU
		{20DCA456-2316-4A31-BF67-28BE14A96DBA}.Release|Any CPU.Build.0 = Release|Any CPU
	EndGlobalSection
	GlobalSection(SolutionProperties) = preSolution
		HideSolutionNode = FALSE
	EndGlobalSection
	GlobalSection(ExtensibilityGlobals) = postSolution
		SolutionGuid = {CEDD907E-9252-4E1B-B3A9-BA3685401A26}
	EndGlobalSection
EndGlobal
